
Microsoft Visual Studio Solution File, Format Version 12.00
# Visual Studio Version 17
VisualStudioVersion = 17.7.34031.279
MinimumVisualStudioVersion = 10.0.40219.1
Project("{FAE04EC0-301F-11D3-BF4B-00C04F79EFBC}") = "crime_trend_project_winforms_latest", "crime_trend_project_winforms_latest.csproj", "{874CC592-C753-49AD-A7C1-E62B719A3411}"
EndProject
Global
	GlobalSection(SolutionConfigurationPlatforms) = preSolution
		Debug|Any CPU = Debug|Any CPU
		Release|Any CPU = Release|Any CPU
	EndGlobalSection
	GlobalSection(ProjectConfigurationPlatforms) = postSolution
		{874CC592-C753-49AD-A7C1-E62B719A3411}.Debug|Any CPU.ActiveCfg = Debug|Any CPU
		{874CC592-C753-49AD-A7C1-E62B719A3411}.Debug|Any CPU.Build.0 = Debug|Any CPU
		{874CC592-C753-49AD-A7C1-E62B719A3411}.Release|Any CPU.ActiveCfg = Release|Any CPU
		{874CC592-C753-49AD-A7C1-E62B719A3411}.Release|Any CPU.Build.0 = Release|Any CPU
	EndGlobalSection
	GlobalSection(SolutionProperties) = preSolution
		HideSolutionNode = FALSE
	EndGlobalSection
	GlobalSection(ExtensibilityGlobals) = postSolution
		SolutionGuid = {26139BA2-B76D-40EE-83A8-80BF7E7EF0DC}
	EndGlobalSection
EndGlobal
